
Microsoft Visual Studio Solution File, Format Version 12.00
# Visual Studio Version 16
VisualStudioVersion = 16.0.32106.194
MinimumVisualStudioVersion = 10.0.40219.1
Project("{FAE04EC0-301F-11D3-BF4B-00C04F79EFBC}") = "Ex4(Laborator4)", "Ex4(Laborator4).csproj", "{0CEC3ADF-E349-4808-88A8-BA76CA4C9459}"
EndProject
Global
	GlobalSection(SolutionConfigurationPlatforms) = preSolution
		Debug|Any CPU = Debug|Any CPU
		Release|Any CPU = Release|Any CPU
	EndGlobalSection
	GlobalSection(ProjectConfigurationPlatforms) = postSolution
		{0CEC3ADF-E349-4808-88A8-BA76CA4C9459}.Debug|Any CPU.ActiveCfg = Debug|Any CPU
		{0CEC3ADF-E349-4808-88A8-BA76CA4C9459}.Debug|Any CPU.Build.0 = Debug|Any CPU
		{0CEC3ADF-E349-4808-88A8-BA76CA4C9459}.Release|Any CPU.ActiveCfg = Release|Any CPU
		{0CEC3ADF-E349-4808-88A8-BA76CA4C9459}.Release|Any CPU.Build.0 = Release|Any CPU
	EndGlobalSection
	GlobalSection(SolutionProperties) = preSolution
		HideSolutionNode = FALSE
	EndGlobalSection
	GlobalSection(ExtensibilityGlobals) = postSolution
		SolutionGuid = {1291F643-E198-4C2C-876B-F10024458AD1}
	EndGlobalSection
EndGlobal
